
Microsoft Visual Studio Solution File, Format Version 12.00
# Visual Studio 15
VisualStudioVersion = 15.0.27130.2024
MinimumVisualStudioVersion = 10.0.40219.1
Project("{FAE04EC0-301F-11D3-BF4B-00C04F79EFBC}") = "MPCExtensions", "MPCExtensions\MPCExtensions.csproj", "{4E08276F-2ECC-49FD-80B0-53516B5EC0A4}"
EndProject
Project("{FAE04EC0-301F-11D3-BF4B-00C04F79EFBC}") = "TestApp", "TestApp\TestApp.csproj", "{19B9BC03-2174-41ED-BB93-90A80672D99E}"
EndProject
Global
	GlobalSection(SolutionConfigurationPlatforms) = preSolution
		Debug|Any CPU = Debug|Any CPU
		Debug|ARM = Debug|ARM
		Debug|x64 = Debug|x64
		Debug|x86 = Debug|x86
		Release|Any CPU = Release|Any CPU
		Release|ARM = Release|ARM
		Release|x64 = Release|x64
		Release|x86 = Release|x86
	EndGlobalSection
	GlobalSection(ProjectConfigurationPlatforms) = postSolution
		{4E08276F-2ECC-49FD-80B0-53516B5EC0A4}.Debug|Any CPU.ActiveCfg = Debug|x86
		{4E08276F-2ECC-49FD-80B0-53516B5EC0A4}.Debug|Any CPU.Build.0 = Debug|x86
		{4E08276F-2ECC-49FD-80B0-53516B5EC0A4}.Debug|ARM.ActiveCfg = Debug|ARM
		{4E08276F-2ECC-49FD-80B0-53516B5EC0A4}.Debug|ARM.Build.0 = Debug|ARM
		{4E08276F-2ECC-49FD-80B0-53516B5EC0A4}.Debug|x64.ActiveCfg = Debug|x64
		{4E08276F-2ECC-49FD-80B0-53516B5EC0A4}.Debug|x64.Build.0 = Debug|x64
		{4E08276F-2ECC-49FD-80B0-53516B5EC0A4}.Debug|x86.ActiveCfg = Debug|x86
		{4E08276F-2ECC-49FD-80B0-53516B5EC0A4}.Debug|x86.Build.0 = Debug|x86
		{4E08276F-2ECC-49FD-80B0-53516B5EC0A4}.Release|Any CPU.ActiveCfg = Release|Any CPU
		{4E08276F-2ECC-49FD-80B0-53516B5EC0A4}.Release|Any CPU.Build.0 = Release|Any CPU
		{4E08276F-2ECC-49FD-80B0-53516B5EC0A4}.Release|ARM.ActiveCfg = Release|ARM
		{4E08276F-2ECC-49FD-80B0-53516B5EC0A4}.Release|ARM.Build.0 = Release|ARM
		{4E08276F-2ECC-49FD-80B0-53516B5EC0A4}.Release|x64.ActiveCfg = Release|x64
		{4E08276F-2ECC-49FD-80B0-53516B5EC0A4}.Release|x64.Build.0 = Release|x64
		{4E08276F-2ECC-49FD-80B0-53516B5EC0A4}.Release|x86.ActiveCfg = Release|x86
		{4E08276F-2ECC-49FD-80B0-53516B5EC0A4}.Release|x86.Build.0 = Release|x86
		{19B9BC03-2174-41ED-BB93-90A80672D99E}.Debug|Any CPU.ActiveCfg = Debug|x86
		{19B9BC03-2174-41ED-BB93-90A80672D99E}.Debug|Any CPU.Build.0 = Debug|x86
		{19B9BC03-2174-41ED-BB93-90A80672D99E}.Debug|Any CPU.Deploy.0 = Debug|x86
		{19B9BC03-2174-41ED-BB93-90A80672D99E}.Debug|ARM.ActiveCfg = Debug|ARM
		{19B9BC03-2174-41ED-BB93-90A80672D99E}.Debug|ARM.Build.0 = Debug|ARM
		{19B9BC03-2174-41ED-BB93-90A80672D99E}.Debug|ARM.Deploy.0 = Debug|ARM
		{19B9BC03-2174-41ED-BB93-90A80672D99E}.Debug|x64.ActiveCfg = Debug|x64
		{19B9BC03-2174-41ED-BB93-90A80672D99E}.Debug|x64.Build.0 = Debug|x64
		{19B9BC03-2174-41ED-BB93-90A80672D99E}.Debug|x64.Deploy.0 = Debug|x64
		{19B9BC03-2174-41ED-BB93-90A80672D99E}.Debug|x86.ActiveCfg = Debug|x86
		{19B9BC03-2174-41ED-BB93-90A80672D99E}.Debug|x86.Build.0 = Debug|x86
		{19B9BC03-2174-41ED-BB93-90A80672D99E}.Debug|x86.Deploy.0 = Debug|x86
		{19B9BC03-2174-41ED-BB93-90A80672D99E}.Release|Any CPU.ActiveCfg = Release|x86
		{19B9BC03-2174-41ED-BB93-90A80672D99E}.Release|ARM.ActiveCfg = Release|ARM
		{19B9BC03-2174-41ED-BB93-90A80672D99E}.Release|ARM.Build.0 = Release|ARM
		{19B9BC03-2174-41ED-BB93-90A80672D99E}.Release|ARM.Deploy.0 = Release|ARM
		{19B9BC03-2174-41ED-BB93-90A80672D99E}.Release|x64.ActiveCfg = Release|x64
		{19B9BC03-2174-41ED-BB93-90A80672D99E}.Release|x64.Build.0 = Release|x64
		{19B9BC03-2174-41ED-BB93-90A80672D99E}.Release|x64.Deploy.0 = Release|x64
		{19B9BC03-2174-41ED-BB93-90A80672D99E}.Release|x86.ActiveCfg = Release|x86
		{19B9BC03-2174-41ED-BB93-90A80672D99E}.Release|x86.Build.0 = Release|x86
		{19B9BC03-2174-41ED-BB93-90A80672D99E}.Release|x86.Deploy.0 = Release|x86
	EndGlobalSection
	GlobalSection(SolutionProperties) = preSolution
		HideSolutionNode = FALSE
	EndGlobalSection
	GlobalSection(ExtensibilityGlobals) = postSolution
		SolutionGuid = {6A5933C6-BB99-4653-A640-287877201B03}
	EndGlobalSection
EndGlobal
